
Microsoft Visual Studio Solution File, Format Version 12.00
# Visual Studio Version 17
VisualStudioVersion = 17.4.32916.344
MinimumVisualStudioVersion = 10.0.40219.1
Project("{9A19103F-16F7-4668-BE54-9A1E7A4F7556}") = "MusicPlayer", "MusicPlayer\MusicPlayer.csproj", "{9DC7C631-DA8E-40BC-9F4B-E4D7D86FBB59}"
EndProject
Project("{9A19103F-16F7-4668-BE54-9A1E7A4F7556}") = "MusicPlayer.Test", "MusicPlayer.Test\MusicPlayer.Test.csproj", "{06354423-0198-478A-BBF3-E3B30C80BC59}"
EndProject
Global
	GlobalSection(SolutionConfigurationPlatforms) = preSolution
		Debug|Any CPU = Debug|Any CPU
		Release|Any CPU = Release|Any CPU
	EndGlobalSection
	GlobalSection(ProjectConfigurationPlatforms) = postSolution
		{9DC7C631-DA8E-40BC-9F4B-E4D7D86FBB59}.Debug|Any CPU.ActiveCfg = Debug|Any CPU
		{9DC7C631-DA8E-40BC-9F4B-E4D7D86FBB59}.Debug|Any CPU.Build.0 = Debug|Any CPU
		{9DC7C631-DA8E-40BC-9F4B-E4D7D86FBB59}.Release|Any CPU.ActiveCfg = Release|Any CPU
		{9DC7C631-DA8E-40BC-9F4B-E4D7D86FBB59}.Release|Any CPU.Build.0 = Release|Any CPU
		{06354423-0198-478A-BBF3-E3B30C80BC59}.Debug|Any CPU.ActiveCfg = Debug|Any CPU
		{06354423-0198-478A-BBF3-E3B30C80BC59}.Debug|Any CPU.Build.0 = Debug|Any CPU
		{06354423-0198-478A-BBF3-E3B30C80BC59}.Release|Any CPU.ActiveCfg = Release|Any CPU
		{06354423-0198-478A-BBF3-E3B30C80BC59}.Release|Any CPU.Build.0 = Release|Any CPU
	EndGlobalSection
	GlobalSection(SolutionProperties) = preSolution
		HideSolutionNode = FALSE
	EndGlobalSection
	GlobalSection(ExtensibilityGlobals) = postSolution
		SolutionGuid = {E75444B4-2EC4-48E0-8CDC-D5BC5C778DEB}
	EndGlobalSection
EndGlobal
